
Microsoft Visual Studio Solution File, Format Version 12.00
# Visual Studio Version 18
VisualStudioVersion = 18.4.11612.150
MinimumVisualStudioVersion = 10.0.40219.1
Project("{FAE04EC0-301F-11D3-BF4B-00C04F79EFBC}") = "SubiektNexoConnector.Console", "src\SubiektNexoConnector.Console\SubiektNexoConnector.Console.csproj", "{A4002182-A8FC-B0CC-A1E2-70CF0C2385D4}"
EndProject
Project("{FAE04EC0-301F-11D3-BF4B-00C04F79EFBC}") = "SubiektNexoConnector.Core", "src\SubiektNexoConnector.Core\SubiektNexoConnector.Core.csproj", "{6B4800E9-0E4C-4519-A97C-22C5C24B022A}"
EndProject
Project("{FAE04EC0-301F-11D3-BF4B-00C04F79EFBC}") = "SubiektNexoConnector.Infrastructure", "src\SubiektNexoConnector.Infrastructure\SubiektNexoConnector.Infrastructure.csproj", "{4564B1A2-F07F-438F-A5B6-D35DBC9E0599}"
EndProject
Project("{FAE04EC0-301F-11D3-BF4B-00C04F79EFBC}") = "SubiektNexoConnector.Api", "src\SubiektNexoConnector.Api\SubiektNexoConnector.Api.csproj", "{CF698BB9-183D-4763-9673-D8F14218C832}"
EndProject
Global
	GlobalSection(SolutionConfigurationPlatforms) = preSolution
		Debug|Any CPU = Debug|Any CPU
		Release|Any CPU = Release|Any CPU
	EndGlobalSection
	GlobalSection(ProjectConfigurationPlatforms) = postSolution
		{A4002182-A8FC-B0CC-A1E2-70CF0C2385D4}.Debug|Any CPU.ActiveCfg = Debug|Any CPU
		{A4002182-A8FC-B0CC-A1E2-70CF0C2385D4}.Debug|Any CPU.Build.0 = Debug|Any CPU
		{A4002182-A8FC-B0CC-A1E2-70CF0C2385D4}.Release|Any CPU.ActiveCfg = Release|Any CPU
		{A4002182-A8FC-B0CC-A1E2-70CF0C2385D4}.Release|Any CPU.Build.0 = Release|Any CPU
		{6B4800E9-0E4C-4519-A97C-22C5C24B022A}.Debug|Any CPU.ActiveCfg = Debug|Any CPU
		{6B4800E9-0E4C-4519-A97C-22C5C24B022A}.Debug|Any CPU.Build.0 = Debug|Any CPU
		{6B4800E9-0E4C-4519-A97C-22C5C24B022A}.Release|Any CPU.ActiveCfg = Release|Any CPU
		{6B4800E9-0E4C-4519-A97C-22C5C24B022A}.Release|Any CPU.Build.0 = Release|Any CPU
		{4564B1A2-F07F-438F-A5B6-D35DBC9E0599}.Debug|Any CPU.ActiveCfg = Debug|Any CPU
		{4564B1A2-F07F-438F-A5B6-D35DBC9E0599}.Debug|Any CPU.Build.0 = Debug|Any CPU
		{4564B1A2-F07F-438F-A5B6-D35DBC9E0599}.Release|Any CPU.ActiveCfg = Release|Any CPU
		{4564B1A2-F07F-438F-A5B6-D35DBC9E0599}.Release|Any CPU.Build.0 = Release|Any CPU
		{CF698BB9-183D-4763-9673-D8F14218C832}.Debug|Any CPU.ActiveCfg = Debug|Any CPU
		{CF698BB9-183D-4763-9673-D8F14218C832}.Debug|Any CPU.Build.0 = Debug|Any CPU
		{CF698BB9-183D-4763-9673-D8F14218C832}.Release|Any CPU.ActiveCfg = Release|Any CPU
		{CF698BB9-183D-4763-9673-D8F14218C832}.Release|Any CPU.Build.0 = Release|Any CPU
	EndGlobalSection
	GlobalSection(SolutionProperties) = preSolution
		HideSolutionNode = FALSE
	EndGlobalSection
	GlobalSection(ExtensibilityGlobals) = postSolution
		SolutionGuid = {70FCA35B-B630-42C1-96CF-35DF836901FB}
	EndGlobalSection
EndGlobal
