
Microsoft Visual Studio Solution File, Format Version 12.00
# Visual Studio Version 17
VisualStudioVersion = 17.14.37012.4 d17.14
MinimumVisualStudioVersion = 10.0.40219.1
Project("{FAE04EC0-301F-11D3-BF4B-00C04F79EFBC}") = "SubiektNexoConsole", "SubiektNexoConsole.csproj", "{C6827A2B-8403-4CD2-B1DD-D79D7F5CBADF}"
EndProject
Global
	GlobalSection(SolutionConfigurationPlatforms) = preSolution
		Debug|Any CPU = Debug|Any CPU
		Release|Any CPU = Release|Any CPU
	EndGlobalSection
	GlobalSection(ProjectConfigurationPlatforms) = postSolution
		{C6827A2B-8403-4CD2-B1DD-D79D7F5CBADF}.Debug|Any CPU.ActiveCfg = Debug|Any CPU
		{C6827A2B-8403-4CD2-B1DD-D79D7F5CBADF}.Debug|Any CPU.Build.0 = Debug|Any CPU
		{C6827A2B-8403-4CD2-B1DD-D79D7F5CBADF}.Release|Any CPU.ActiveCfg = Release|Any CPU
		{C6827A2B-8403-4CD2-B1DD-D79D7F5CBADF}.Release|Any CPU.Build.0 = Release|Any CPU
	EndGlobalSection
	GlobalSection(SolutionProperties) = preSolution
		HideSolutionNode = FALSE
	EndGlobalSection
	GlobalSection(ExtensibilityGlobals) = postSolution
		SolutionGuid = {70FCA35B-B630-42C1-96CF-35DF836901FB}
	EndGlobalSection
EndGlobal
